
Microsoft Visual Studio Solution File, Format Version 12.00
# Visual Studio 15
Project("{FAE04EC0-301F-11D3-BF4B-00C04F79EFBC}") = "Assembly-CSharp", "Assembly-CSharp.csproj", "{46597D78-E758-BBD5-FA99-23F3FD23CD33}"
EndProject
Project("{FAE04EC0-301F-11D3-BF4B-00C04F79EFBC}") = "Assembly-CSharp-Editor", "Assembly-CSharp-Editor.csproj", "{43AA68C0-04C8-9342-97C1-8F16ED65B14E}"
EndProject
Global
	GlobalSection(SolutionConfigurationPlatforms) = preSolution
		Debug|Any CPU = Debug|Any CPU
		Release|Any CPU = Release|Any CPU
	EndGlobalSection
	GlobalSection(ProjectConfigurationPlatforms) = postSolution
		{46597D78-E758-BBD5-FA99-23F3FD23CD33}.Debug|Any CPU.ActiveCfg = Debug|Any CPU
		{46597D78-E758-BBD5-FA99-23F3FD23CD33}.Debug|Any CPU.Build.0 = Debug|Any CPU
		{46597D78-E758-BBD5-FA99-23F3FD23CD33}.Release|Any CPU.ActiveCfg = Release|Any CPU
		{46597D78-E758-BBD5-FA99-23F3FD23CD33}.Release|Any CPU.Build.0 = Release|Any CPU
		{43AA68C0-04C8-9342-97C1-8F16ED65B14E}.Debug|Any CPU.ActiveCfg = Debug|Any CPU
		{43AA68C0-04C8-9342-97C1-8F16ED65B14E}.Debug|Any CPU.Build.0 = Debug|Any CPU
		{43AA68C0-04C8-9342-97C1-8F16ED65B14E}.Release|Any CPU.ActiveCfg = Release|Any CPU
		{43AA68C0-04C8-9342-97C1-8F16ED65B14E}.Release|Any CPU.Build.0 = Release|Any CPU
	EndGlobalSection
	GlobalSection(SolutionProperties) = preSolution
		HideSolutionNode = FALSE
	EndGlobalSection
EndGlobal
